
Microsoft Visual Studio Solution File, Format Version 12.00
# Visual Studio Version 16
VisualStudioVersion = 16.0.31112.23
MinimumVisualStudioVersion = 15.0.26124.0
Project("{2150E333-8FDC-42A3-9474-1A3956D46DE8}") = "src", "src", "{D7100712-FBD9-4B4E-92B9-371EC260CB7C}"
EndProject
Project("{9A19103F-16F7-4668-BE54-9A1E7A4F7556}") = "PaymentGateway.API", "src\PaymentGateway.API\PaymentGateway.API.csproj", "{59FD6FB1-7313-4AA4-8E55-08608D6D3B5F}"
EndProject
Project("{9A19103F-16F7-4668-BE54-9A1E7A4F7556}") = "PaymentGateway.Services", "src\PaymentGateway.Services\PaymentGateway.Services.csproj", "{C91185DA-E75A-4AF9-BE69-AB777A7A59A0}"
EndProject
Project("{9A19103F-16F7-4668-BE54-9A1E7A4F7556}") = "PaymentGateway.Common", "src\PaymentGateway.Common\PaymentGateway.Common.csproj", "{C913859B-FE7E-4191-9261-85D39CD14A2E}"
EndProject
Project("{2150E333-8FDC-42A3-9474-1A3956D46DE8}") = "tests", "tests", "{63D8106E-19A7-4E0D-B645-483A93FBD978}"
EndProject
Project("{9A19103F-16F7-4668-BE54-9A1E7A4F7556}") = "PaymentGateway.API.Tests", "tests\PaymentGateway.API.Tests\PaymentGateway.API.Tests.csproj", "{6EB1F9B3-57B8-4E60-BD89-C8E9538732CA}"
EndProject
Project("{9A19103F-16F7-4668-BE54-9A1E7A4F7556}") = "PaymentGateway.Services.Tests", "tests\PaymentGateway.Services.Tests\PaymentGateway.Services.Tests.csproj", "{0D515384-35BE-4031-A8F8-3EFA7D9C7782}"
EndProject
Global
	GlobalSection(SolutionConfigurationPlatforms) = preSolution
		Debug|Any CPU = Debug|Any CPU
		Debug|x64 = Debug|x64
		Debug|x86 = Debug|x86
		Release|Any CPU = Release|Any CPU
		Release|x64 = Release|x64
		Release|x86 = Release|x86
	EndGlobalSection
	GlobalSection(ProjectConfigurationPlatforms) = postSolution
		{59FD6FB1-7313-4AA4-8E55-08608D6D3B5F}.Debug|Any CPU.ActiveCfg = Debug|Any CPU
		{59FD6FB1-7313-4AA4-8E55-08608D6D3B5F}.Debug|Any CPU.Build.0 = Debug|Any CPU
		{59FD6FB1-7313-4AA4-8E55-08608D6D3B5F}.Debug|x64.ActiveCfg = Debug|Any CPU
		{59FD6FB1-7313-4AA4-8E55-08608D6D3B5F}.Debug|x64.Build.0 = Debug|Any CPU
		{59FD6FB1-7313-4AA4-8E55-08608D6D3B5F}.Debug|x86.ActiveCfg = Debug|Any CPU
		{59FD6FB1-7313-4AA4-8E55-08608D6D3B5F}.Debug|x86.Build.0 = Debug|Any CPU
		{59FD6FB1-7313-4AA4-8E55-08608D6D3B5F}.Release|Any CPU.ActiveCfg = Release|Any CPU
		{59FD6FB1-7313-4AA4-8E55-08608D6D3B5F}.Release|Any CPU.Build.0 = Release|Any CPU
		{59FD6FB1-7313-4AA4-8E55-08608D6D3B5F}.Release|x64.ActiveCfg = Release|Any CPU
		{59FD6FB1-7313-4AA4-8E55-08608D6D3B5F}.Release|x64.Build.0 = Release|Any CPU
		{59FD6FB1-7313-4AA4-8E55-08608D6D3B5F}.Release|x86.ActiveCfg = Release|Any CPU
		{59FD6FB1-7313-4AA4-8E55-08608D6D3B5F}.Release|x86.Build.0 = Release|Any CPU
		{C91185DA-E75A-4AF9-BE69-AB777A7A59A0}.Debug|Any CPU.ActiveCfg = Debug|Any CPU
		{C91185DA-E75A-4AF9-BE69-AB777A7A59A0}.Debug|Any CPU.Build.0 = Debug|Any CPU
		{C91185DA-E75A-4AF9-BE69-AB777A7A59A0}.Debug|x64.ActiveCfg = Debug|Any CPU
		{C91185DA-E75A-4AF9-BE69-AB777A7A59A0}.Debug|x64.Build.0 = Debug|Any CPU
		{C91185DA-E75A-4AF9-BE69-AB777A7A59A0}.Debug|x86.ActiveCfg = Debug|Any CPU
		{C91185DA-E75A-4AF9-BE69-AB777A7A59A0}.Debug|x86.Build.0 = Debug|Any CPU
		{C91185DA-E75A-4AF9-BE69-AB777A7A59A0}.Release|Any CPU.ActiveCfg = Release|Any CPU
		{C91185DA-E75A-4AF9-BE69-AB777A7A59A0}.Release|Any CPU.Build.0 = Release|Any CPU
		{C91185DA-E75A-4AF9-BE69-AB777A7A59A0}.Release|x64.ActiveCfg = Release|Any CPU
		{C91185DA-E75A-4AF9-BE69-AB777A7A59A0}.Release|x64.Build.0 = Release|Any CPU
		{C91185DA-E75A-4AF9-BE69-AB777A7A59A0}.Release|x86.ActiveCfg = Release|Any CPU
		{C91185DA-E75A-4AF9-BE69-AB777A7A59A0}.Release|x86.Build.0 = Release|Any CPU
		{C913859B-FE7E-4191-9261-85D39CD14A2E}.Debug|Any CPU.ActiveCfg = Debug|Any CPU
		{C913859B-FE7E-4191-9261-85D39CD14A2E}.Debug|Any CPU.Build.0 = Debug|Any CPU
		{C913859B-FE7E-4191-9261-85D39CD14A2E}.Debug|x64.ActiveCfg = Debug|Any CPU
		{C913859B-FE7E-4191-9261-85D39CD14A2E}.Debug|x64.Build.0 = Debug|Any CPU
		{C913859B-FE7E-4191-9261-85D39CD14A2E}.Debug|x86.ActiveCfg = Debug|Any CPU
		{C913859B-FE7E-4191-9261-85D39CD14A2E}.Debug|x86.Build.0 = Debug|Any CPU
		{C913859B-FE7E-4191-9261-85D39CD14A2E}.Release|Any CPU.ActiveCfg = Release|Any CPU
		{C913859B-FE7E-4191-9261-85D39CD14A2E}.Release|Any CPU.Build.0 = Release|Any CPU
		{C913859B-FE7E-4191-9261-85D39CD14A2E}.Release|x64.ActiveCfg = Release|Any CPU
		{C913859B-FE7E-4191-9261-85D39CD14A2E}.Release|x64.Build.0 = Release|Any CPU
		{C913859B-FE7E-4191-9261-85D39CD14A2E}.Release|x86.ActiveCfg = Release|Any CPU
		{C913859B-FE7E-4191-9261-85D39CD14A2E}.Release|x86.Build.0 = Release|Any CPU
		{6EB1F9B3-57B8-4E60-BD89-C8E9538732CA}.Debug|Any CPU.ActiveCfg = Debug|Any CPU
		{6EB1F9B3-57B8-4E60-BD89-C8E9538732CA}.Debug|Any CPU.Build.0 = Debug|Any CPU
		{6EB1F9B3-57B8-4E60-BD89-C8E9538732CA}.Debug|x64.ActiveCfg = Debug|Any CPU
		{6EB1F9B3-57B8-4E60-BD89-C8E9538732CA}.Debug|x64.Build.0 = Debug|Any CPU
		{6EB1F9B3-57B8-4E60-BD89-C8E9538732CA}.Debug|x86.ActiveCfg = Debug|Any CPU
		{6EB1F9B3-57B8-4E60-BD89-C8E9538732CA}.Debug|x86.Build.0 = Debug|Any CPU
		{6EB1F9B3-57B8-4E60-BD89-C8E9538732CA}.Release|Any CPU.ActiveCfg = Release|Any CPU
		{6EB1F9B3-57B8-4E60-BD89-C8E9538732CA}.Release|Any CPU.Build.0 = Release|Any CPU
		{6EB1F9B3-57B8-4E60-BD89-C8E9538732CA}.Release|x64.ActiveCfg = Release|Any CPU
		{6EB1F9B3-57B8-4E60-BD89-C8E9538732CA}.Release|x64.Build.0 = Release|Any CPU
		{6EB1F9B3-57B8-4E60-BD89-C8E9538732CA}.Release|x86.ActiveCfg = Release|Any CPU
		{6EB1F9B3-57B8-4E60-BD89-C8E9538732CA}.Release|x86.Build.0 = Release|Any CPU
		{0D515384-35BE-4031-A8F8-3EFA7D9C7782}.Debug|Any CPU.ActiveCfg = Debug|Any CPU
		{0D515384-35BE-4031-A8F8-3EFA7D9C7782}.Debug|Any CPU.Build.0 = Debug|Any CPU
		{0D515384-35BE-4031-A8F8-3EFA7D9C7782}.Debug|x64.ActiveCfg = Debug|Any CPU
		{0D515384-35BE-4031-A8F8-3EFA7D9C7782}.Debug|x64.Build.0 = Debug|Any CPU
		{0D515384-35BE-4031-A8F8-3EFA7D9C7782}.Debug|x86.ActiveCfg = Debug|Any CPU
		{0D515384-35BE-4031-A8F8-3EFA7D9C7782}.Debug|x86.Build.0 = Debug|Any CPU
		{0D515384-35BE-4031-A8F8-3EFA7D9C7782}.Release|Any CPU.ActiveCfg = Release|Any CPU
		{0D515384-35BE-4031-A8F8-3EFA7D9C7782}.Release|Any CPU.Build.0 = Release|Any CPU
		{0D515384-35BE-4031-A8F8-3EFA7D9C7782}.Release|x64.ActiveCfg = Release|Any CPU
		{0D515384-35BE-4031-A8F8-3EFA7D9C7782}.Release|x64.Build.0 = Release|Any CPU
		{0D515384-35BE-4031-A8F8-3EFA7D9C7782}.Release|x86.ActiveCfg = Release|Any CPU
		{0D515384-35BE-4031-A8F8-3EFA7D9C7782}.Release|x86.Build.0 = Release|Any CPU
	EndGlobalSection
	GlobalSection(SolutionProperties) = preSolution
		HideSolutionNode = FALSE
	EndGlobalSection
	GlobalSection(NestedProjects) = preSolution
		{59FD6FB1-7313-4AA4-8E55-08608D6D3B5F} = {D7100712-FBD9-4B4E-92B9-371EC260CB7C}
		{C91185DA-E75A-4AF9-BE69-AB777A7A59A0} = {D7100712-FBD9-4B4E-92B9-371EC260CB7C}
		{C913859B-FE7E-4191-9261-85D39CD14A2E} = {D7100712-FBD9-4B4E-92B9-371EC260CB7C}
		{6EB1F9B3-57B8-4E60-BD89-C8E9538732CA} = {63D8106E-19A7-4E0D-B645-483A93FBD978}
		{0D515384-35BE-4031-A8F8-3EFA7D9C7782} = {63D8106E-19A7-4E0D-B645-483A93FBD978}
	EndGlobalSection
	GlobalSection(ExtensibilityGlobals) = postSolution
		SolutionGuid = {AA79104E-A0D7-47D5-A1C3-91356D92D8B5}
	EndGlobalSection
EndGlobal
